
Microsoft Visual Studio Solution File, Format Version 12.00
# Visual Studio 15
VisualStudioVersion = 15.0.26730.3
MinimumVisualStudioVersion = 10.0.40219.1
Project("{FAE04EC0-301F-11D3-BF4B-00C04F79EFBC}") = "Lab01", "Lab01\Lab01.csproj", "{F6EFA799-A800-4369-9AF9-71ED2517E89D}"
EndProject
Global
	GlobalSection(SolutionConfigurationPlatforms) = preSolution
		Debug|Any CPU = Debug|Any CPU
		Release|Any CPU = Release|Any CPU
	EndGlobalSection
	GlobalSection(ProjectConfigurationPlatforms) = postSolution
		{F6EFA799-A800-4369-9AF9-71ED2517E89D}.Debug|Any CPU.ActiveCfg = Debug|Any CPU
		{F6EFA799-A800-4369-9AF9-71ED2517E89D}.Debug|Any CPU.Build.0 = Debug|Any CPU
		{F6EFA799-A800-4369-9AF9-71ED2517E89D}.Release|Any CPU.ActiveCfg = Release|Any CPU
		{F6EFA799-A800-4369-9AF9-71ED2517E89D}.Release|Any CPU.Build.0 = Release|Any CPU
	EndGlobalSection
	GlobalSection(SolutionProperties) = preSolution
		HideSolutionNode = FALSE
	EndGlobalSection
	GlobalSection(ExtensibilityGlobals) = postSolution
		SolutionGuid = {755AE349-E503-4BE1-BDD2-F39DD3DA6A72}
	EndGlobalSection
EndGlobal
